
Microsoft Visual Studio Solution File, Format Version 12.00
# Visual Studio Version 16
VisualStudioVersion = 16.0.31005.135
MinimumVisualStudioVersion = 10.0.40219.1
Project("{FAE04EC0-301F-11D3-BF4B-00C04F79EFBC}") = "coffeemMachineSOLIDdel1", "coffeemMachineSOLIDdel1\coffeemMachineSOLIDdel1.csproj", "{6B7C095C-88B5-4F63-ABEA-C3E7569667BC}"
EndProject
Global
	GlobalSection(SolutionConfigurationPlatforms) = preSolution
		Debug|Any CPU = Debug|Any CPU
		Release|Any CPU = Release|Any CPU
	EndGlobalSection
	GlobalSection(ProjectConfigurationPlatforms) = postSolution
		{6B7C095C-88B5-4F63-ABEA-C3E7569667BC}.Debug|Any CPU.ActiveCfg = Debug|Any CPU
		{6B7C095C-88B5-4F63-ABEA-C3E7569667BC}.Debug|Any CPU.Build.0 = Debug|Any CPU
		{6B7C095C-88B5-4F63-ABEA-C3E7569667BC}.Release|Any CPU.ActiveCfg = Release|Any CPU
		{6B7C095C-88B5-4F63-ABEA-C3E7569667BC}.Release|Any CPU.Build.0 = Release|Any CPU
	EndGlobalSection
	GlobalSection(SolutionProperties) = preSolution
		HideSolutionNode = FALSE
	EndGlobalSection
	GlobalSection(ExtensibilityGlobals) = postSolution
		SolutionGuid = {53DD864F-A258-4819-BF4F-6FE60E2C362A}
	EndGlobalSection
EndGlobal
